
Microsoft Visual Studio Solution File, Format Version 12.00
Project("{FAE04EC0-301F-11D3-BF4B-00C04F79EFBC}") = "Day1", "Day1\Day1.csproj", "{76F8800B-11D3-4655-99E6-45BAA4EEA26C}"
EndProject
Project("{FAE04EC0-301F-11D3-BF4B-00C04F79EFBC}") = "Day2", "Day2\Day2.csproj", "{2D02C372-4732-4A98-B47B-8E782C5A70B8}"
EndProject
Project("{FAE04EC0-301F-11D3-BF4B-00C04F79EFBC}") = "Day3", "Day3\Day3.csproj", "{364F2369-9020-46A4-BACD-CC25460E3365}"
EndProject
Project("{FAE04EC0-301F-11D3-BF4B-00C04F79EFBC}") = "Day4", "Day4\Day4.csproj", "{6ED1A27D-CA8D-419B-9F97-28C5985176F5}"
EndProject
Project("{FAE04EC0-301F-11D3-BF4B-00C04F79EFBC}") = "Day5", "Day5\Day5.csproj", "{D8B7B0B8-3D4B-4DC1-A5DD-DE565BA5E200}"
EndProject
Project("{FAE04EC0-301F-11D3-BF4B-00C04F79EFBC}") = "Day6", "Day6\Day6.csproj", "{52C004A8-08A8-4726-9282-12AEB05786DA}"
EndProject
Project("{FAE04EC0-301F-11D3-BF4B-00C04F79EFBC}") = "Day7", "Day7\Day7.csproj", "{30E762F3-BA61-4EBF-9A6C-D9B12ABAD855}"
EndProject
Project("{FAE04EC0-301F-11D3-BF4B-00C04F79EFBC}") = "Day8", "Day8\Day8.csproj", "{98F89753-EDB0-4BCC-AC0E-0C94B619C948}"
EndProject
Project("{FAE04EC0-301F-11D3-BF4B-00C04F79EFBC}") = "Day9", "Day9\Day9.csproj", "{B981EB19-6EBA-4F4B-B0AF-8BB29E6099B4}"
EndProject
Global
	GlobalSection(SolutionConfigurationPlatforms) = preSolution
		Debug|Any CPU = Debug|Any CPU
		Release|Any CPU = Release|Any CPU
	EndGlobalSection
	GlobalSection(ProjectConfigurationPlatforms) = postSolution
		{76F8800B-11D3-4655-99E6-45BAA4EEA26C}.Debug|Any CPU.ActiveCfg = Debug|Any CPU
		{76F8800B-11D3-4655-99E6-45BAA4EEA26C}.Debug|Any CPU.Build.0 = Debug|Any CPU
		{76F8800B-11D3-4655-99E6-45BAA4EEA26C}.Release|Any CPU.ActiveCfg = Release|Any CPU
		{76F8800B-11D3-4655-99E6-45BAA4EEA26C}.Release|Any CPU.Build.0 = Release|Any CPU
		{2D02C372-4732-4A98-B47B-8E782C5A70B8}.Debug|Any CPU.ActiveCfg = Debug|Any CPU
		{2D02C372-4732-4A98-B47B-8E782C5A70B8}.Debug|Any CPU.Build.0 = Debug|Any CPU
		{2D02C372-4732-4A98-B47B-8E782C5A70B8}.Release|Any CPU.ActiveCfg = Release|Any CPU
		{2D02C372-4732-4A98-B47B-8E782C5A70B8}.Release|Any CPU.Build.0 = Release|Any CPU
		{364F2369-9020-46A4-BACD-CC25460E3365}.Debug|Any CPU.ActiveCfg = Debug|Any CPU
		{364F2369-9020-46A4-BACD-CC25460E3365}.Debug|Any CPU.Build.0 = Debug|Any CPU
		{364F2369-9020-46A4-BACD-CC25460E3365}.Release|Any CPU.ActiveCfg = Release|Any CPU
		{364F2369-9020-46A4-BACD-CC25460E3365}.Release|Any CPU.Build.0 = Release|Any CPU
		{6ED1A27D-CA8D-419B-9F97-28C5985176F5}.Debug|Any CPU.ActiveCfg = Debug|Any CPU
		{6ED1A27D-CA8D-419B-9F97-28C5985176F5}.Debug|Any CPU.Build.0 = Debug|Any CPU
		{6ED1A27D-CA8D-419B-9F97-28C5985176F5}.Release|Any CPU.ActiveCfg = Release|Any CPU
		{6ED1A27D-CA8D-419B-9F97-28C5985176F5}.Release|Any CPU.Build.0 = Release|Any CPU
		{D8B7B0B8-3D4B-4DC1-A5DD-DE565BA5E200}.Debug|Any CPU.ActiveCfg = Debug|Any CPU
		{D8B7B0B8-3D4B-4DC1-A5DD-DE565BA5E200}.Debug|Any CPU.Build.0 = Debug|Any CPU
		{D8B7B0B8-3D4B-4DC1-A5DD-DE565BA5E200}.Release|Any CPU.ActiveCfg = Release|Any CPU
		{D8B7B0B8-3D4B-4DC1-A5DD-DE565BA5E200}.Release|Any CPU.Build.0 = Release|Any CPU
		{52C004A8-08A8-4726-9282-12AEB05786DA}.Debug|Any CPU.ActiveCfg = Debug|Any CPU
		{52C004A8-08A8-4726-9282-12AEB05786DA}.Debug|Any CPU.Build.0 = Debug|Any CPU
		{52C004A8-08A8-4726-9282-12AEB05786DA}.Release|Any CPU.ActiveCfg = Release|Any CPU
		{52C004A8-08A8-4726-9282-12AEB05786DA}.Release|Any CPU.Build.0 = Release|Any CPU
		{30E762F3-BA61-4EBF-9A6C-D9B12ABAD855}.Debug|Any CPU.ActiveCfg = Debug|Any CPU
		{30E762F3-BA61-4EBF-9A6C-D9B12ABAD855}.Debug|Any CPU.Build.0 = Debug|Any CPU
		{30E762F3-BA61-4EBF-9A6C-D9B12ABAD855}.Release|Any CPU.ActiveCfg = Release|Any CPU
		{30E762F3-BA61-4EBF-9A6C-D9B12ABAD855}.Release|Any CPU.Build.0 = Release|Any CPU
		{98F89753-EDB0-4BCC-AC0E-0C94B619C948}.Debug|Any CPU.ActiveCfg = Debug|Any CPU
		{98F89753-EDB0-4BCC-AC0E-0C94B619C948}.Debug|Any CPU.Build.0 = Debug|Any CPU
		{98F89753-EDB0-4BCC-AC0E-0C94B619C948}.Release|Any CPU.ActiveCfg = Release|Any CPU
		{98F89753-EDB0-4BCC-AC0E-0C94B619C948}.Release|Any CPU.Build.0 = Release|Any CPU
		{B981EB19-6EBA-4F4B-B0AF-8BB29E6099B4}.Debug|Any CPU.ActiveCfg = Debug|Any CPU
		{B981EB19-6EBA-4F4B-B0AF-8BB29E6099B4}.Debug|Any CPU.Build.0 = Debug|Any CPU
		{B981EB19-6EBA-4F4B-B0AF-8BB29E6099B4}.Release|Any CPU.ActiveCfg = Release|Any CPU
		{B981EB19-6EBA-4F4B-B0AF-8BB29E6099B4}.Release|Any CPU.Build.0 = Release|Any CPU
	EndGlobalSection
EndGlobal
